# THIS IS AN AUTOGENERATED FILE. DO NOT EDIT THIS FILE DIRECTLY.
# yarn lockfile v1


"@noble/curves@1.0.0":
  version "1.0.0"
  resolved "https://npm-registry.anagolay.network/@noble/curves/-/curves-1.0.0.tgz#e40be8c7daf088aaf291887cbc73f43464a92932"
  integrity sha512-2upgEu0iLiDVDZkNLeFV2+ht0BAVgQnEmCk6JsOch9Rp8xfkMCbvbAZlA2pBHQc73dbl+vFOXfqkf4uemdn0bw==
  dependencies:
    "@noble/hashes" "1.3.0"

"@noble/hashes@1.3.0":
  version "1.3.0"
  resolved "https://npm-registry.anagolay.network/@noble/hashes/-/hashes-1.3.0.tgz#085fd70f6d7d9d109671090ccae1d3bec62554a1"
  integrity sha512-ilHEACi9DwqJB0pw7kv+Apvh50jiiSyR/cQ3y4W7lOR5mhvn/50FLUfsnfJz0BDZtl/RR16kXvptiv6q1msYZg==

"@polkadot/api-augment@10.5.1":
  version "10.5.1"
  resolved "https://npm-registry.anagolay.network/@polkadot/api-augment/-/api-augment-10.5.1.tgz#0785377c7ef5b82e82028a2fe9dadcfb7fc3e4a4"
  integrity sha512-1mvt/iiV7UX7FzdR4q7e7eeoh4Xmo9r0vOZfl1jpmFOhVFKwhwsGHNMkWAtyeAXEsflISAsGjsPqwvr8Uxiqww==
  dependencies:
    "@polkadot/api-base" "10.5.1"
    "@polkadot/rpc-augment" "10.5.1"
    "@polkadot/types" "10.5.1"
    "@polkadot/types-augment" "10.5.1"
    "@polkadot/types-codec" "10.5.1"
    "@polkadot/util" "^12.1.1"
    tslib "^2.5.0"

"@polkadot/api-base@10.5.1":
  version "10.5.1"
  resolved "https://npm-registry.anagolay.network/@polkadot/api-base/-/api-base-10.5.1.tgz#8214d2254fe605f7b9896b1d667ab5df277e18f1"
  integrity sha512-A5tuvpSluU7wJEGpYeYFRS3Hem1Fd7Wx4uFEjmiUwYqPSBjJADIQsu+f+PXJfRXwpqn2z8rnz7p8ErFJZkkS9A==
  dependencies:
    "@polkadot/rpc-core" "10.5.1"
    "@polkadot/types" "10.5.1"
    "@polkadot/util" "^12.1.1"
    rxjs "^7.8.1"
    tslib "^2.5.0"

"@polkadot/api-derive@10.5.1":
  version "10.5.1"
  resolved "https://npm-registry.anagolay.network/@polkadot/api-derive/-/api-derive-10.5.1.tgz#217d4ef65091e792e42bbaf4214b22d64866ae47"
  integrity sha512-NAAf1ILxKpWzxc7rO/xP/CIHJoIONA4wzJd261ewdtZ81zikZQkMM2n55eZjcXrJudFbZtDCOX0NzB+HSHF6gQ==
  dependencies:
    "@polkadot/api" "10.5.1"
    "@polkadot/api-augment" "10.5.1"
    "@polkadot/api-base" "10.5.1"
    "@polkadot/rpc-core" "10.5.1"
    "@polkadot/types" "10.5.1"
    "@polkadot/types-codec" "10.5.1"
    "@polkadot/util" "^12.1.1"
    "@polkadot/util-crypto" "^12.1.1"
    rxjs "^7.8.1"
    tslib "^2.5.0"

"@polkadot/api@10.5.1", "@polkadot/api@^10.5.1":
  version "10.5.1"
  resolved "https://npm-registry.anagolay.network/@polkadot/api/-/api-10.5.1.tgz#96dec286133b5db32a965546360f26bbabdaeb2b"
  integrity sha512-+ru++CNqzLlygxFoZTHp9Ombe6AHtQqjSyNramtUSE2Vct0EATW4V/VMCVMo1c0h5XTeNjfjY0FHav5G5KyQUA==
  dependencies:
    "@polkadot/api-augment" "10.5.1"
    "@polkadot/api-base" "10.5.1"
    "@polkadot/api-derive" "10.5.1"
    "@polkadot/keyring" "^12.1.1"
    "@polkadot/rpc-augment" "10.5.1"
    "@polkadot/rpc-core" "10.5.1"
    "@polkadot/rpc-provider" "10.5.1"
    "@polkadot/types" "10.5.1"
    "@polkadot/types-augment" "10.5.1"
    "@polkadot/types-codec" "10.5.1"
    "@polkadot/types-create" "10.5.1"
    "@polkadot/types-known" "10.5.1"
    "@polkadot/util" "^12.1.1"
    "@polkadot/util-crypto" "^12.1.1"
    eventemitter3 "^5.0.0"
    rxjs "^7.8.1"
    tslib "^2.5.0"

"@polkadot/keyring@^12.1.1":
  version "12.1.2"
  resolved "https://npm-registry.anagolay.network/@polkadot/keyring/-/keyring-12.1.2.tgz#1b274ace818c3a440c3310af7aa1d3551a7e6eed"
  integrity sha512-HskFoZwLwRWPthEQK50uOiOsbdIt0AY3gcrDmSS2ltkpUDY9qzlb/fAj0+QGtTrK36v5gHT8OD56Pd4l0FDMFw==
  dependencies:
    "@polkadot/util" "12.1.2"
    "@polkadot/util-crypto" "12.1.2"
    tslib "^2.5.0"

"@polkadot/networks@12.1.2", "@polkadot/networks@^12.1.1":
  version "12.1.2"
  resolved "https://npm-registry.anagolay.network/@polkadot/networks/-/networks-12.1.2.tgz#4631ec701f87f6a1805faaf24f0199ca50f36716"
  integrity sha512-9gC5GYGFKXHY4oQaMfYvLLxGJ55slT3V8Zc6uk96KKysEvpSMDXdPUAKZJ3SXN9Iz3KaEa9x6RD5ZEf5j6BJ6g==
  dependencies:
    "@polkadot/util" "12.1.2"
    "@substrate/ss58-registry" "^1.40.0"
    tslib "^2.5.0"

"@polkadot/rpc-augment@10.5.1":
  version "10.5.1"
  resolved "https://npm-registry.anagolay.network/@polkadot/rpc-augment/-/rpc-augment-10.5.1.tgz#c33b6ddd06c0e1fe5fe5ea9ca8c0452e78a3009a"
  integrity sha512-YL3cMEjTtG/BYiUItfhg5V7uBuFAjcW4NTIg51BTOHPI1QEKX+b7fN4m0qD/S1OapqYGyU3WtnG9HjifG+fITw==
  dependencies:
    "@polkadot/rpc-core" "10.5.1"
    "@polkadot/types" "10.5.1"
    "@polkadot/types-codec" "10.5.1"
    "@polkadot/util" "^12.1.1"
    tslib "^2.5.0"

"@polkadot/rpc-core@10.5.1":
  version "10.5.1"
  resolved "https://npm-registry.anagolay.network/@polkadot/rpc-core/-/rpc-core-10.5.1.tgz#d3f768b2fd34f8e6c98b4847265b1e13a8901f42"
  integrity sha512-6I5y1lux5oXYtTrO/XoiNsAbWZabzfb6tbiFHhhN/LVEyw6VJueIRVAdGzkMlftM9tfcokrVCcplfRXV8QTkMQ==
  dependencies:
    "@polkadot/rpc-augment" "10.5.1"
    "@polkadot/rpc-provider" "10.5.1"
    "@polkadot/types" "10.5.1"
    "@polkadot/util" "^12.1.1"
    rxjs "^7.8.1"
    tslib "^2.5.0"

"@polkadot/rpc-provider@10.5.1":
  version "10.5.1"
  resolved "https://npm-registry.anagolay.network/@polkadot/rpc-provider/-/rpc-provider-10.5.1.tgz#71062fec549d770fb34a7d4584bdb55cb5a82bbb"
  integrity sha512-XwzCHJx4Qw9tQ10kHnefelic5JRcsxNJRdRYHaNb5AEoHOFDqC5wXgy5N45wQLXrQW+ktj5HkHEPH5r3N1DWTw==
  dependencies:
    "@polkadot/keyring" "^12.1.1"
    "@polkadot/types" "10.5.1"
    "@polkadot/types-support" "10.5.1"
    "@polkadot/util" "^12.1.1"
    "@polkadot/util-crypto" "^12.1.1"
    "@polkadot/x-fetch" "^12.1.1"
    "@polkadot/x-global" "^12.1.1"
    "@polkadot/x-ws" "^12.1.1"
    eventemitter3 "^5.0.0"
    mock-socket "^9.2.1"
    nock "^13.3.1"
    tslib "^2.5.0"
  optionalDependencies:
    "@substrate/connect" "0.7.24"

"@polkadot/types-augment@10.5.1":
  version "10.5.1"
  resolved "https://npm-registry.anagolay.network/@polkadot/types-augment/-/types-augment-10.5.1.tgz#e885b1f720a6d5387ad0bff9762242abbe2923a0"
  integrity sha512-YBa2yC6NcFU0SEBHJSniToDf/x1vKMlr6NCafHYJsLcvGBiJbrNKXKMP34V9oDcwvxDBvU4YOZhhX5b2G/LF3Q==
  dependencies:
    "@polkadot/types" "10.5.1"
    "@polkadot/types-codec" "10.5.1"
    "@polkadot/util" "^12.1.1"
    tslib "^2.5.0"

"@polkadot/types-codec@10.5.1":
  version "10.5.1"
  resolved "https://npm-registry.anagolay.network/@polkadot/types-codec/-/types-codec-10.5.1.tgz#b6c2120a3b3f794f4a5043bca8069d1014219899"
  integrity sha512-6qF1lH52wVHtFbrrE+6jh4v6l0bLkVgqZv1O93JFviSSIcUoFxLXhTiUIKUp4O3RjtQbhgGmaN8/BtBEwAvnXg==
  dependencies:
    "@polkadot/util" "^12.1.1"
    "@polkadot/x-bigint" "^12.1.1"
    tslib "^2.5.0"

"@polkadot/types-create@10.5.1":
  version "10.5.1"
  resolved "https://npm-registry.anagolay.network/@polkadot/types-create/-/types-create-10.5.1.tgz#d041eef273fe9e0dc3daea45794705e43b18ea35"
  integrity sha512-FLG9FDRIkMvz/SLOKUT9sfWna2LZvxG3wxCtYQ8O6SONsECWWdL871+3816RPmB2Bc7L3CKic4QcY+y9jiBfyg==
  dependencies:
    "@polkadot/types-codec" "10.5.1"
    "@polkadot/util" "^12.1.1"
    tslib "^2.5.0"

"@polkadot/types-known@10.5.1":
  version "10.5.1"
  resolved "https://npm-registry.anagolay.network/@polkadot/types-known/-/types-known-10.5.1.tgz#8c9973721ac7ec1f75e6bc0207a90841d5ebdd58"
  integrity sha512-YkGa/P/czp+5aJ+VaRqeDX+22iF12/rgmOKATlC9+y9b/plp4HYkyZBaKJU9hOAgdbuZ8Yv+e8UXCzUNHGPcHg==
  dependencies:
    "@polkadot/networks" "^12.1.1"
    "@polkadot/types" "10.5.1"
    "@polkadot/types-codec" "10.5.1"
    "@polkadot/types-create" "10.5.1"
    "@polkadot/util" "^12.1.1"
    tslib "^2.5.0"

"@polkadot/types-support@10.5.1":
  version "10.5.1"
  resolved "https://npm-registry.anagolay.network/@polkadot/types-support/-/types-support-10.5.1.tgz#f1e132992f96e887a53f99b868fc20ce971d0e05"
  integrity sha512-sHjfqiHDtYcnKWpgRIZApKdtgXiROulzrG+NXhVmeMAQY6Eaq0jo1nNy5PXv6Lj5EVGjHfB5dIdgo/gSotJEzw==
  dependencies:
    "@polkadot/util" "^12.1.1"
    tslib "^2.5.0"

"@polkadot/types@10.5.1":
  version "10.5.1"
  resolved "https://npm-registry.anagolay.network/@polkadot/types/-/types-10.5.1.tgz#da87810ab6462a2f5d915ec70a84d2ddfddd5cd6"
  integrity sha512-atiO1WXTF6AUbYVhK6Y9klgaD32scYsxQwNihWjcf8yur1OrW12qQCFkYcHQ5DOMQ7fNrKsxpX26zJxymCRwTw==
  dependencies:
    "@polkadot/keyring" "^12.1.1"
    "@polkadot/types-augment" "10.5.1"
    "@polkadot/types-codec" "10.5.1"
    "@polkadot/types-create" "10.5.1"
    "@polkadot/util" "^12.1.1"
    "@polkadot/util-crypto" "^12.1.1"
    rxjs "^7.8.1"
    tslib "^2.5.0"

"@polkadot/util-crypto@12.1.2", "@polkadot/util-crypto@^12.1.1":
  version "12.1.2"
  resolved "https://npm-registry.anagolay.network/@polkadot/util-crypto/-/util-crypto-12.1.2.tgz#7045c85a63316e2aa2cddf930e0b3c6228b539b8"
  integrity sha512-xV5P7auvs2Qck+HGGk2uaJWyujbJSFc+VDlM/giqM2xKgfmkRUTgGtcBuLLLZq5R1A9tGW5DUQg0VgVHYJaNvw==
  dependencies:
    "@noble/curves" "1.0.0"
    "@noble/hashes" "1.3.0"
    "@polkadot/networks" "12.1.2"
    "@polkadot/util" "12.1.2"
    "@polkadot/wasm-crypto" "^7.1.2"
    "@polkadot/wasm-util" "^7.1.2"
    "@polkadot/x-bigint" "12.1.2"
    "@polkadot/x-randomvalues" "12.1.2"
    "@scure/base" "1.1.1"
    tslib "^2.5.0"

"@polkadot/util@12.1.2", "@polkadot/util@^12.1.1":
  version "12.1.2"
  resolved "https://npm-registry.anagolay.network/@polkadot/util/-/util-12.1.2.tgz#3d54895a5bb6a4d59eb1d745e191224d3f0ed0b1"
  integrity sha512-Da8q+0WVWSuMMS3hLAwnIid8FKRGLmwhD69jikye47zeEXCtvp4e/bjD0YbINNKHoeIRsApchJtqmbaEoxXjIQ==
  dependencies:
    "@polkadot/x-bigint" "12.1.2"
    "@polkadot/x-global" "12.1.2"
    "@polkadot/x-textdecoder" "12.1.2"
    "@polkadot/x-textencoder" "12.1.2"
    "@types/bn.js" "^5.1.1"
    bn.js "^5.2.1"
    tslib "^2.5.0"

"@polkadot/wasm-bridge@7.1.2":
  version "7.1.2"
  resolved "https://npm-registry.anagolay.network/@polkadot/wasm-bridge/-/wasm-bridge-7.1.2.tgz#c8c2f3ac84b6f56be7cdb3f57347d3a45801341e"
  integrity sha512-6t8b1el/03b30ZFKVFYU5pQEx9OeDZ3GBndgZ5b6fMNFRoowFWTwx74HLqhXlQb+hOTjGJA70jHdxkplh1sO3A==
  dependencies:
    "@polkadot/wasm-util" "7.1.2"
    tslib "^2.5.0"

"@polkadot/wasm-crypto-asmjs@7.1.2":
  version "7.1.2"
  resolved "https://npm-registry.anagolay.network/@polkadot/wasm-crypto-asmjs/-/wasm-crypto-asmjs-7.1.2.tgz#bde1ec84721dd2e5ad60c6d8af927e1f8be15007"
  integrity sha512-Gdb824MoeWjESv7fu57Dqpvmx7FR2zhM2Os34/H8s1LcZ8m5qUxvm22kjtq+6DRJlGo7KxpS0OA4xCbSDDe0rA==
  dependencies:
    tslib "^2.5.0"

"@polkadot/wasm-crypto-init@7.1.2":
  version "7.1.2"
  resolved "https://npm-registry.anagolay.network/@polkadot/wasm-crypto-init/-/wasm-crypto-init-7.1.2.tgz#ed44b39502c3abe2b403de750975300c310a543d"
  integrity sha512-jqeK04MYofvCU7kFMJDoKUM9SjfDEBDizIxgurxAZZvF4jMOhgStZTLTr9QkKTOMTrMUE9PWRMzrnDM/Od3kzA==
  dependencies:
    "@polkadot/wasm-bridge" "7.1.2"
    "@polkadot/wasm-crypto-asmjs" "7.1.2"
    "@polkadot/wasm-crypto-wasm" "7.1.2"
    "@polkadot/wasm-util" "7.1.2"
    tslib "^2.5.0"

"@polkadot/wasm-crypto-wasm@7.1.2":
  version "7.1.2"
  resolved "https://npm-registry.anagolay.network/@polkadot/wasm-crypto-wasm/-/wasm-crypto-wasm-7.1.2.tgz#16c36e7028f22817c2ec741dcb74be751e156594"
  integrity sha512-p2RBfXc43r6rXkFo811LboSfRQFpCgOC6+ByqMs/geTA/+/I4l2ajz95aL6cQ20AA3W5x/ZwHxhwvmJ0HBjJ6A==
  dependencies:
    "@polkadot/wasm-util" "7.1.2"
    tslib "^2.5.0"

"@polkadot/wasm-crypto@^7.1.2":
  version "7.1.2"
  resolved "https://npm-registry.anagolay.network/@polkadot/wasm-crypto/-/wasm-crypto-7.1.2.tgz#35e0b9243ee88f044925e681d729146373add40a"
  integrity sha512-DO5Xf5nA2mSVdWnRM+PLAVE/wcg9vZAQkSHHSE+/qDmDVCQYygksHOA8ecRvn8nGfMNZQ0rmlIlsgyvAEtX1pw==
  dependencies:
    "@polkadot/wasm-bridge" "7.1.2"
    "@polkadot/wasm-crypto-asmjs" "7.1.2"
    "@polkadot/wasm-crypto-init" "7.1.2"
    "@polkadot/wasm-crypto-wasm" "7.1.2"
    "@polkadot/wasm-util" "7.1.2"
    tslib "^2.5.0"

"@polkadot/wasm-util@7.1.2", "@polkadot/wasm-util@^7.1.2":
  version "7.1.2"
  resolved "https://npm-registry.anagolay.network/@polkadot/wasm-util/-/wasm-util-7.1.2.tgz#71ee1d55d0c3d55ceef2ee762c02eda5395a759a"
  integrity sha512-lHQJFG0iotgmUovXYcw/HM3QhGxtze6ozAgRMd0/maTQjYwbV/7z1NzEle9fBwxX6GijTnpWc1vzW+YU0O1lLw==
  dependencies:
    tslib "^2.5.0"

"@polkadot/x-bigint@12.1.2", "@polkadot/x-bigint@^12.1.1":
  version "12.1.2"
  resolved "https://npm-registry.anagolay.network/@polkadot/x-bigint/-/x-bigint-12.1.2.tgz#c735dd71a5e6a4dbb8075288ad6dddbfbab45a05"
  integrity sha512-KU7C8HlJ2kO6Igg2Jq2Q/eAdll3HuVoylYcyVQxevcrC2fXhC2PDIEa+iWHBPz40p2TvI9sBZKrCsDDGz9K6sw==
  dependencies:
    "@polkadot/x-global" "12.1.2"
    tslib "^2.5.0"

"@polkadot/x-fetch@^12.1.1":
  version "12.1.2"
  resolved "https://npm-registry.anagolay.network/@polkadot/x-fetch/-/x-fetch-12.1.2.tgz#095673de3ab6bed0c790e496fba3f549fa56fe4d"
  integrity sha512-X+MY1UT25Xcvp6iUQOdmukOle1KsKaAblEhl+CrDfXGwM90wDLc5U3TZzddrKnQRcIgcNDyn9gRlHGQkZEbL9Q==
  dependencies:
    "@polkadot/x-global" "12.1.2"
    node-fetch "^3.3.1"
    tslib "^2.5.0"

"@polkadot/x-global@12.1.2", "@polkadot/x-global@^12.1.1":
  version "12.1.2"
  resolved "https://npm-registry.anagolay.network/@polkadot/x-global/-/x-global-12.1.2.tgz#e887f0e82f2d7c075aae4309bf09830e99ba742d"
  integrity sha512-WGwPQN27hpwhVOQGUizJfmNJRxkijMwECMPUAYtSSgJhkV5MwWeFuVebfUjgHceakEvDRQWzEX6JjV6TttnPZw==
  dependencies:
    tslib "^2.5.0"

"@polkadot/x-randomvalues@12.1.2":
  version "12.1.2"
  resolved "https://npm-registry.anagolay.network/@polkadot/x-randomvalues/-/x-randomvalues-12.1.2.tgz#dd043046c9c8e3fc1e6948b84b5517cb8a7b05ee"
  integrity sha512-Jqwftgl+t8egG5miwI3f+MUNp3GIJUxZ0mcYbGDc3dY8LueY3yhKs94MQF/S6h8XPpRFI5/8mUZnmMgmNXsX6Q==
  dependencies:
    "@polkadot/x-global" "12.1.2"
    tslib "^2.5.0"

"@polkadot/x-textdecoder@12.1.2":
  version "12.1.2"
  resolved "https://npm-registry.anagolay.network/@polkadot/x-textdecoder/-/x-textdecoder-12.1.2.tgz#35d5fc7312aa48d1f2002a594545b2938333c8d6"
  integrity sha512-O5ygxEHdPCIQVzH7T+xVALBfCwrT5tVms7Yjp6EMT697A9gpD3U2aPr4YinsQO6JFwYpQNzvm2wjW+7EEzYitw==
  dependencies:
    "@polkadot/x-global" "12.1.2"
    tslib "^2.5.0"

"@polkadot/x-textencoder@12.1.2":
  version "12.1.2"
  resolved "https://npm-registry.anagolay.network/@polkadot/x-textencoder/-/x-textencoder-12.1.2.tgz#4259a7bc74d53c40e2deab752bad40d479f4a99b"
  integrity sha512-N+9HIXT0eUQbfg/SfGrNRK8aLFpd2QngJzTxo8CljpjCvQ2ddqzBVFA8o/lKTaXVzX84EmPDzjIV+yJlOXnglA==
  dependencies:
    "@polkadot/x-global" "12.1.2"
    tslib "^2.5.0"

"@polkadot/x-ws@^12.1.1":
  version "12.1.2"
  resolved "https://npm-registry.anagolay.network/@polkadot/x-ws/-/x-ws-12.1.2.tgz#cdde7e53292a55063a7286fb4079f1b86233542d"
  integrity sha512-xmwBtn0WIstrviNuLNladsVHXUWeh4/HHAuCCeTp5Rld+8pJ6D1snhl+qvicmm4t1Si9mpb6y4yfnWFm5fLHVA==
  dependencies:
    "@polkadot/x-global" "12.1.2"
    tslib "^2.5.0"
    ws "^8.13.0"

"@scure/base@1.1.1":
  version "1.1.1"
  resolved "https://npm-registry.anagolay.network/@scure/base/-/base-1.1.1.tgz#ebb651ee52ff84f420097055f4bf46cfba403938"
  integrity sha512-ZxOhsSyxYwLJj3pLZCefNitxsj093tb2vq90mp2txoYeBqbcjDjqFhyM8eUjq/uFm6zJ+mUuqxlS2FkuSY1MTA==

"@substrate/connect-extension-protocol@^1.0.1":
  version "1.0.1"
  resolved "https://npm-registry.anagolay.network/@substrate/connect-extension-protocol/-/connect-extension-protocol-1.0.1.tgz#fa5738039586c648013caa6a0c95c43265dbe77d"
  integrity sha512-161JhCC1csjH3GE5mPLEd7HbWtwNSPJBg3p1Ksz9SFlTzj/bgEwudiRN2y5i0MoLGCIJRYKyKGMxVnd29PzNjg==

"@substrate/connect@0.7.24":
  version "0.7.24"
  resolved "https://npm-registry.anagolay.network/@substrate/connect/-/connect-0.7.24.tgz#5a3cfe293e9eab4b17fe64975928a4a6fae2470a"
  integrity sha512-vF82taiM0yME+ibiJgEv0xn/NZd9TQ4atXk1AQCe2z82SEKzw0Lwx9ZLFEOvlgnh+Nc2EtQi7y4cXJ+48rOqxw==
  dependencies:
    "@substrate/connect-extension-protocol" "^1.0.1"
    eventemitter3 "^4.0.7"
    smoldot "1.0.2"

"@substrate/ss58-registry@^1.40.0":
  version "1.40.0"
  resolved "https://npm-registry.anagolay.network/@substrate/ss58-registry/-/ss58-registry-1.40.0.tgz#2223409c496271df786c1ca8496898896595441e"
  integrity sha512-QuU2nBql3J4KCnOWtWDw4n1K4JU0T79j54ZZvm/9nhsX6AIar13FyhsaBfs6QkJ2ixTQAnd7TocJIoJRWbqMZA==

"@types/bn.js@^5.1.1":
  version "5.1.1"
  resolved "https://npm-registry.anagolay.network/@types/bn.js/-/bn.js-5.1.1.tgz#b51e1b55920a4ca26e9285ff79936bbdec910682"
  integrity sha512-qNrYbZqMx0uJAfKnKclPh+dTwK33KfLHYqtyODwd5HnXOjnkhc4qgn3BrK6RWyGZm5+sIFE7Q7Vz6QQtJB7w7g==
  dependencies:
    "@types/node" "*"

"@types/node@*":
  version "18.16.3"
  resolved "https://npm-registry.anagolay.network/@types/node/-/node-18.16.3.tgz#6bda7819aae6ea0b386ebc5b24bdf602f1b42b01"
  integrity sha512-OPs5WnnT1xkCBiuQrZA4+YAV4HEJejmHneyraIaxsbev5yCEr6KMwINNFP9wQeFIw8FWcoTqF3vQsa5CDaI+8Q==

bn.js@^5.2.1:
  version "5.2.1"
  resolved "https://npm-registry.anagolay.network/bn.js/-/bn.js-5.2.1.tgz#0bc527a6a0d18d0aa8d5b0538ce4a77dccfa7b70"
  integrity sha512-eXRvHzWyYPBuB4NBy0cmYQjGitUrtqwbvlzP3G6VFnNRbsZQIxQ10PbKKHt8gZ/HW/D/747aDl+QkDqg3KQLMQ==

data-uri-to-buffer@^4.0.0:
  version "4.0.1"
  resolved "https://npm-registry.anagolay.network/data-uri-to-buffer/-/data-uri-to-buffer-4.0.1.tgz#d8feb2b2881e6a4f58c2e08acfd0e2834e26222e"
  integrity sha512-0R9ikRb668HB7QDxT1vkpuUBtqc53YyAwMwGeUFKRojY/NWKvdZ+9UYtRfGmhqNbRkTSVpMbmyhXipFFv2cb/A==

debug@^4.1.0:
  version "4.3.4"
  resolved "https://npm-registry.anagolay.network/debug/-/debug-4.3.4.tgz#1319f6579357f2338d3337d2cdd4914bb5dcc865"
  integrity sha512-PRWFHuSU3eDtQJPvnNY7Jcket1j0t5OuOsFzPPzsekD52Zl8qUfFIPEiswXqIvHWGVHOgX+7G/vCNNhehwxfkQ==
  dependencies:
    ms "2.1.2"

dotenv@^16.0.3:
  version "16.0.3"
  resolved "https://npm-registry.anagolay.network/dotenv/-/dotenv-16.0.3.tgz#115aec42bac5053db3c456db30cc243a5a836a07"
  integrity sha512-7GO6HghkA5fYG9TYnNxi14/7K9f5occMlp3zXAuSxn7CKCxt9xbNWG7yF8hTCSUchlfWSe3uLmlPfigevRItzQ==

eventemitter3@^4.0.7:
  version "4.0.7"
  resolved "https://npm-registry.anagolay.network/eventemitter3/-/eventemitter3-4.0.7.tgz#2de9b68f6528d5644ef5c59526a1b4a07306169f"
  integrity sha512-8guHBZCwKnFhYdHr2ysuRWErTwhoN2X8XELRlrRwpmfeY2jjuUN4taQMsULKUVo1K4DvZl+0pgfyoysHxvmvEw==

eventemitter3@^5.0.0:
  version "5.0.1"
  resolved "https://npm-registry.anagolay.network/eventemitter3/-/eventemitter3-5.0.1.tgz#53f5ffd0a492ac800721bb42c66b841de96423c4"
  integrity sha512-GWkBvjiSZK87ELrYOSESUYeVIc9mvLLf/nXalMOS5dYrgZq9o5OVkbZAVM06CVxYsCwH9BDZFPlQTlPA1j4ahA==

fetch-blob@^3.1.2, fetch-blob@^3.1.4:
  version "3.2.0"
  resolved "https://npm-registry.anagolay.network/fetch-blob/-/fetch-blob-3.2.0.tgz#f09b8d4bbd45adc6f0c20b7e787e793e309dcce9"
  integrity sha512-7yAQpD2UMJzLi1Dqv7qFYnPbaPx7ZfFK6PiIxQ4PfkGPyNyl2Ugx+a/umUonmKqjhM4DnfbMvdX6otXq83soQQ==
  dependencies:
    node-domexception "^1.0.0"
    web-streams-polyfill "^3.0.3"

formdata-polyfill@^4.0.10:
  version "4.0.10"
  resolved "https://npm-registry.anagolay.network/formdata-polyfill/-/formdata-polyfill-4.0.10.tgz#24807c31c9d402e002ab3d8c720144ceb8848423"
  integrity sha512-buewHzMvYL29jdeQTVILecSaZKnt/RJWjoZCF5OW60Z67/GmSLBkOFM7qh1PI3zFNtJbaZL5eQu1vLfazOwj4g==
  dependencies:
    fetch-blob "^3.1.2"

json-stringify-safe@^5.0.1:
  version "5.0.1"
  resolved "https://npm-registry.anagolay.network/json-stringify-safe/-/json-stringify-safe-5.0.1.tgz#1296a2d58fd45f19a0f6ce01d65701e2c735b6eb"
  integrity sha512-ZClg6AaYvamvYEE82d3Iyd3vSSIjQ+odgjaTzRuO3s7toCdFKczob2i0zCh7JE8kWn17yvAWhUVxvqGwUalsRA==

lodash@^4.17.21:
  version "4.17.21"
  resolved "https://npm-registry.anagolay.network/lodash/-/lodash-4.17.21.tgz#679591c564c3bffaae8454cf0b3df370c3d6911c"
  integrity sha512-v2kDEe57lecTulaDIuNTPy3Ry4gLGJ6Z1O3vE1krgXZNrsQ+LFTGHVxVjcXPs17LhbZVGedAJv8XZ1tvj5FvSg==

mock-socket@^9.2.1:
  version "9.2.1"
  resolved "https://npm-registry.anagolay.network/mock-socket/-/mock-socket-9.2.1.tgz#cc9c0810aa4d0afe02d721dcb2b7e657c00e2282"
  integrity sha512-aw9F9T9G2zpGipLLhSNh6ZpgUyUl4frcVmRN08uE1NWPWg43Wx6+sGPDbQ7E5iFZZDJW5b5bypMeAEHqTbIFag==

ms@2.1.2:
  version "2.1.2"
  resolved "https://npm-registry.anagolay.network/ms/-/ms-2.1.2.tgz#d09d1f357b443f493382a8eb3ccd183872ae6009"
  integrity sha512-sGkPx+VjMtmA6MX27oA4FBFELFCZZ4S4XqeGOXCv68tT+jb3vk/RyaKWP0PTKyWtmLSM0b+adUTEvbs1PEaH2w==

nock@^13.3.1:
  version "13.3.1"
  resolved "https://npm-registry.anagolay.network/nock/-/nock-13.3.1.tgz#f22d4d661f7a05ebd9368edae1b5dc0a62d758fc"
  integrity sha512-vHnopocZuI93p2ccivFyGuUfzjq2fxNyNurp7816mlT5V5HF4SzXu8lvLrVzBbNqzs+ODooZ6OksuSUNM7Njkw==
  dependencies:
    debug "^4.1.0"
    json-stringify-safe "^5.0.1"
    lodash "^4.17.21"
    propagate "^2.0.0"

node-domexception@^1.0.0:
  version "1.0.0"
  resolved "https://npm-registry.anagolay.network/node-domexception/-/node-domexception-1.0.0.tgz#6888db46a1f71c0b76b3f7555016b63fe64766e5"
  integrity sha512-/jKZoMpw0F8GRwl4/eLROPA3cfcXtLApP0QzLmUT/HuPCZWyB7IY9ZrMeKw2O/nFIqPQB3PVM9aYm0F312AXDQ==

node-fetch@^3.3.1:
  version "3.3.1"
  resolved "https://npm-registry.anagolay.network/node-fetch/-/node-fetch-3.3.1.tgz#b3eea7b54b3a48020e46f4f88b9c5a7430d20b2e"
  integrity sha512-cRVc/kyto/7E5shrWca1Wsea4y6tL9iYJE5FBCius3JQfb/4P4I295PfhgbJQBLTx6lATE4z+wK0rPM4VS2uow==
  dependencies:
    data-uri-to-buffer "^4.0.0"
    fetch-blob "^3.1.4"
    formdata-polyfill "^4.0.10"

pako@^2.0.4:
  version "2.1.0"
  resolved "https://npm-registry.anagolay.network/pako/-/pako-2.1.0.tgz#266cc37f98c7d883545d11335c00fbd4062c9a86"
  integrity sha512-w+eufiZ1WuJYgPXbV/PO3NCMEc3xqylkKHzp8bxp1uW4qaSNQUkwmLLEc3kKsfz8lpV1F8Ht3U1Cm+9Srog2ug==

propagate@^2.0.0:
  version "2.0.1"
  resolved "https://npm-registry.anagolay.network/propagate/-/propagate-2.0.1.tgz#40cdedab18085c792334e64f0ac17256d38f9a45"
  integrity sha512-vGrhOavPSTz4QVNuBNdcNXePNdNMaO1xj9yBeH1ScQPjk/rhg9sSlCXPhMkFuaNNW/syTvYqsnbIJxMBfRbbag==

rxjs@^7.8.1:
  version "7.8.1"
  resolved "https://npm-registry.anagolay.network/rxjs/-/rxjs-7.8.1.tgz#6f6f3d99ea8044291efd92e7c7fcf562c4057543"
  integrity sha512-AA3TVj+0A2iuIoQkWEK/tqFjBq2j+6PO6Y0zJcvzLAFhEFIO3HL0vls9hWLncZbAAbK0mar7oZ4V079I/qPMxg==
  dependencies:
    tslib "^2.1.0"

smoldot@1.0.2:
  version "1.0.2"
  resolved "https://npm-registry.anagolay.network/smoldot/-/smoldot-1.0.2.tgz#dd2e7e0db2de4a34d1c90ca888ba8ace9239cee8"
  integrity sha512-IHhMzvXwyl6I5GA4JvfzM2OOp9wBO06AmjqT4nCoNms5PiLe74f/A+jIZIJKyY6eBhMpmECizyfeTneHO2wMFQ==
  dependencies:
    pako "^2.0.4"
    ws "^8.8.1"

tslib@^2.1.0, tslib@^2.5.0:
  version "2.5.0"
  resolved "https://npm-registry.anagolay.network/tslib/-/tslib-2.5.0.tgz#42bfed86f5787aeb41d031866c8f402429e0fddf"
  integrity sha512-336iVw3rtn2BUK7ORdIAHTyxHGRIHVReokCR3XjbckJMK7ms8FysBfhLR8IXnAgy7T0PTPNBWKiH514FOW/WSg==

web-streams-polyfill@^3.0.3:
  version "3.2.1"
  resolved "https://npm-registry.anagolay.network/web-streams-polyfill/-/web-streams-polyfill-3.2.1.tgz#71c2718c52b45fd49dbeee88634b3a60ceab42a6"
  integrity sha512-e0MO3wdXWKrLbL0DgGnUV7WHVuw9OUvL4hjgnPkIeEvESk74gAITi5G606JtZPp39cd8HA9VQzCIvA49LpPN5Q==

ws@^8.13.0, ws@^8.8.1:
  version "8.13.0"
  resolved "https://npm-registry.anagolay.network/ws/-/ws-8.13.0.tgz#9a9fb92f93cf41512a0735c8f4dd09b8a1211cd0"
  integrity sha512-x9vcZYTrFPC7aSIbj7sRCYo7L/Xb8Iy+pW0ng0wt2vCJv7M9HOMy0UoN3rr+IFC7hb7vXoqS+P9ktyLLLhO+LA==
